
Microsoft Visual Studio Solution File, Format Version 12.00
# Visual Studio Version 17
VisualStudioVersion = 17.7.34024.191
MinimumVisualStudioVersion = 10.0.40219.1
Project("{FAE04EC0-301F-11D3-BF4B-00C04F79EFBC}") = "Funktion", "Funktion.csproj", "{DBB2A8AE-1EDA-4852-BF3D-2F9633ACB06D}"
EndProject
Global
	GlobalSection(SolutionConfigurationPlatforms) = preSolution
		Debug|Any CPU = Debug|Any CPU
		Release|Any CPU = Release|Any CPU
	EndGlobalSection
	GlobalSection(ProjectConfigurationPlatforms) = postSolution
		{DBB2A8AE-1EDA-4852-BF3D-2F9633ACB06D}.Debug|Any CPU.ActiveCfg = Debug|Any CPU
		{DBB2A8AE-1EDA-4852-BF3D-2F9633ACB06D}.Debug|Any CPU.Build.0 = Debug|Any CPU
		{DBB2A8AE-1EDA-4852-BF3D-2F9633ACB06D}.Release|Any CPU.ActiveCfg = Release|Any CPU
		{DBB2A8AE-1EDA-4852-BF3D-2F9633ACB06D}.Release|Any CPU.Build.0 = Release|Any CPU
	EndGlobalSection
	GlobalSection(SolutionProperties) = preSolution
		HideSolutionNode = FALSE
	EndGlobalSection
	GlobalSection(ExtensibilityGlobals) = postSolution
		SolutionGuid = {B18507B2-A899-43A6-BEA8-E6C80335B533}
	EndGlobalSection
EndGlobal
